
Microsoft Visual Studio Solution File, Format Version 12.00
# Visual Studio Version 17
VisualStudioVersion = 17.13.35931.197 d17.13
MinimumVisualStudioVersion = 10.0.40219.1
Project("{FAE04EC0-301F-11D3-BF4B-00C04F79EFBC}") = "Biblioteca.WebApi", "Biblioteca.WebApi\Biblioteca.WebApi.csproj", "{E5263CC9-CAA1-464D-837C-686C69CCDCD5}"
EndProject
Project("{FAE04EC0-301F-11D3-BF4B-00C04F79EFBC}") = "Biblioteca.Services", "Biblioteca.Services\Biblioteca.Services.csproj", "{62539EC3-0B9B-4C84-A2A6-9A599B37F6D1}"
EndProject
Global
	GlobalSection(SolutionConfigurationPlatforms) = preSolution
		Debug|Any CPU = Debug|Any CPU
		Release|Any CPU = Release|Any CPU
	EndGlobalSection
	GlobalSection(ProjectConfigurationPlatforms) = postSolution
		{E5263CC9-CAA1-464D-837C-686C69CCDCD5}.Debug|Any CPU.ActiveCfg = Debug|Any CPU
		{E5263CC9-CAA1-464D-837C-686C69CCDCD5}.Debug|Any CPU.Build.0 = Debug|Any CPU
		{E5263CC9-CAA1-464D-837C-686C69CCDCD5}.Release|Any CPU.ActiveCfg = Release|Any CPU
		{E5263CC9-CAA1-464D-837C-686C69CCDCD5}.Release|Any CPU.Build.0 = Release|Any CPU
		{62539EC3-0B9B-4C84-A2A6-9A599B37F6D1}.Debug|Any CPU.ActiveCfg = Debug|Any CPU
		{62539EC3-0B9B-4C84-A2A6-9A599B37F6D1}.Debug|Any CPU.Build.0 = Debug|Any CPU
		{62539EC3-0B9B-4C84-A2A6-9A599B37F6D1}.Release|Any CPU.ActiveCfg = Release|Any CPU
		{62539EC3-0B9B-4C84-A2A6-9A599B37F6D1}.Release|Any CPU.Build.0 = Release|Any CPU
	EndGlobalSection
	GlobalSection(SolutionProperties) = preSolution
		HideSolutionNode = FALSE
	EndGlobalSection
	GlobalSection(ExtensibilityGlobals) = postSolution
		SolutionGuid = {334B36D6-D392-4420-9062-E297ED4D1B7A}
	EndGlobalSection
EndGlobal
